
Microsoft Visual Studio Solution File, Format Version 12.00
# Visual Studio Version 16
VisualStudioVersion = 16.0.29123.88
MinimumVisualStudioVersion = 10.0.40219.1
Project("{D2ABAB84-BF74-430A-B69E-9DC6D40DDA17}") = "Multidimensional", "Multidimensional\Multidimensional.dwproj", "{F78C02FD-AB68-417C-A2BF-D3BB93AF9B20}"
EndProject
Global
	GlobalSection(SolutionConfigurationPlatforms) = preSolution
		Development|Default = Development|Default
	EndGlobalSection
	GlobalSection(ProjectConfigurationPlatforms) = postSolution
		{F78C02FD-AB68-417C-A2BF-D3BB93AF9B20}.Development|Default.ActiveCfg = Development
		{F78C02FD-AB68-417C-A2BF-D3BB93AF9B20}.Development|Default.Build.0 = Development
		{F78C02FD-AB68-417C-A2BF-D3BB93AF9B20}.Development|Default.Deploy.0 = Development
	EndGlobalSection
	GlobalSection(SolutionProperties) = preSolution
		HideSolutionNode = FALSE
	EndGlobalSection
	GlobalSection(ExtensibilityGlobals) = postSolution
		SolutionGuid = {00300A65-E4E9-4B64-B6B3-E2BBD1935035}
	EndGlobalSection
EndGlobal
